
Microsoft Visual Studio Solution File, Format Version 12.00
# Visual Studio Version 17
VisualStudioVersion = 17.3.32825.248
MinimumVisualStudioVersion = 10.0.40219.1
Project("{9A19103F-16F7-4668-BE54-9A1E7A4F7556}") = "TS.CodeGenerator", "TS.CodeGenerator\TS.CodeGenerator.csproj", "{172D41F7-9F08-4210-80FF-12A385F3C8D6}"
EndProject
Project("{9A19103F-16F7-4668-BE54-9A1E7A4F7556}") = "TS.CodeGenerator.Console", "TS.CodeGenerator.Console\TS.CodeGenerator.Console.csproj", "{8EE98F0A-6D73-4ED9-96EC-0F36DF0B196A}"
EndProject
Project("{9A19103F-16F7-4668-BE54-9A1E7A4F7556}") = "TS.CodeGenerator.MSBuildTasks", "TS.CodeGenerator.MSBuildTasks\TS.CodeGenerator.MSBuildTasks.csproj", "{41F45ED4-EE66-4D5E-86AC-A087150566E0}"
EndProject
Project("{9A19103F-16F7-4668-BE54-9A1E7A4F7556}") = "lib.test.a.b", "lib.test.a.b\lib.test.a.b.csproj", "{B63091F5-A519-4AC8-AC2F-C39C48C3736C}"
EndProject
Project("{9A19103F-16F7-4668-BE54-9A1E7A4F7556}") = "lib.test.a.c", "lib.test.a.c\lib.test.a.c.csproj", "{8A6F41F5-E81B-401B-AE1A-B36D9D782271}"
EndProject
Project("{9A19103F-16F7-4668-BE54-9A1E7A4F7556}") = "TS.CodeGenerator.Tests", "TS.CodeGenerator.Tests\TS.CodeGenerator.Tests.csproj", "{DA47B0DE-D970-41C4-9731-78420D391173}"
EndProject
Global
	GlobalSection(SolutionConfigurationPlatforms) = preSolution
		Debug|Any CPU = Debug|Any CPU
		Release|Any CPU = Release|Any CPU
	EndGlobalSection
	GlobalSection(ProjectConfigurationPlatforms) = postSolution
		{172D41F7-9F08-4210-80FF-12A385F3C8D6}.Debug|Any CPU.ActiveCfg = Debug|Any CPU
		{172D41F7-9F08-4210-80FF-12A385F3C8D6}.Debug|Any CPU.Build.0 = Debug|Any CPU
		{172D41F7-9F08-4210-80FF-12A385F3C8D6}.Release|Any CPU.ActiveCfg = Release|Any CPU
		{172D41F7-9F08-4210-80FF-12A385F3C8D6}.Release|Any CPU.Build.0 = Release|Any CPU
		{8EE98F0A-6D73-4ED9-96EC-0F36DF0B196A}.Debug|Any CPU.ActiveCfg = Debug|Any CPU
		{8EE98F0A-6D73-4ED9-96EC-0F36DF0B196A}.Debug|Any CPU.Build.0 = Debug|Any CPU
		{8EE98F0A-6D73-4ED9-96EC-0F36DF0B196A}.Release|Any CPU.ActiveCfg = Release|Any CPU
		{8EE98F0A-6D73-4ED9-96EC-0F36DF0B196A}.Release|Any CPU.Build.0 = Release|Any CPU
		{41F45ED4-EE66-4D5E-86AC-A087150566E0}.Debug|Any CPU.ActiveCfg = Debug|Any CPU
		{41F45ED4-EE66-4D5E-86AC-A087150566E0}.Debug|Any CPU.Build.0 = Debug|Any CPU
		{41F45ED4-EE66-4D5E-86AC-A087150566E0}.Release|Any CPU.ActiveCfg = Release|Any CPU
		{41F45ED4-EE66-4D5E-86AC-A087150566E0}.Release|Any CPU.Build.0 = Release|Any CPU
		{B63091F5-A519-4AC8-AC2F-C39C48C3736C}.Debug|Any CPU.ActiveCfg = Debug|Any CPU
		{B63091F5-A519-4AC8-AC2F-C39C48C3736C}.Debug|Any CPU.Build.0 = Debug|Any CPU
		{B63091F5-A519-4AC8-AC2F-C39C48C3736C}.Release|Any CPU.ActiveCfg = Release|Any CPU
		{B63091F5-A519-4AC8-AC2F-C39C48C3736C}.Release|Any CPU.Build.0 = Release|Any CPU
		{8A6F41F5-E81B-401B-AE1A-B36D9D782271}.Debug|Any CPU.ActiveCfg = Debug|Any CPU
		{8A6F41F5-E81B-401B-AE1A-B36D9D782271}.Debug|Any CPU.Build.0 = Debug|Any CPU
		{8A6F41F5-E81B-401B-AE1A-B36D9D782271}.Release|Any CPU.ActiveCfg = Release|Any CPU
		{8A6F41F5-E81B-401B-AE1A-B36D9D782271}.Release|Any CPU.Build.0 = Release|Any CPU
		{DA47B0DE-D970-41C4-9731-78420D391173}.Debug|Any CPU.ActiveCfg = Debug|Any CPU
		{DA47B0DE-D970-41C4-9731-78420D391173}.Debug|Any CPU.Build.0 = Debug|Any CPU
		{DA47B0DE-D970-41C4-9731-78420D391173}.Release|Any CPU.ActiveCfg = Release|Any CPU
		{DA47B0DE-D970-41C4-9731-78420D391173}.Release|Any CPU.Build.0 = Release|Any CPU
	EndGlobalSection
	GlobalSection(SolutionProperties) = preSolution
		HideSolutionNode = FALSE
	EndGlobalSection
	GlobalSection(ExtensibilityGlobals) = postSolution
		SolutionGuid = {8F2DB925-211E-4EF5-89B7-968BA8841332}
	EndGlobalSection
EndGlobal
